
Microsoft Visual Studio Solution File, Format Version 12.00
# Visual Studio 14
VisualStudioVersion = 14.0.25420.1
MinimumVisualStudioVersion = 10.0.40219.1
Project("{FAE04EC0-301F-11D3-BF4B-00C04F79EFBC}") = "Aula_13.06_MVC", "Aula_13.06_MVC\Aula_13.06_MVC.csproj", "{BFE04013-506B-4779-A2C5-AC6C9B68AEE6}"
EndProject
Global
	GlobalSection(SolutionConfigurationPlatforms) = preSolution
		Debug|Any CPU = Debug|Any CPU
		Release|Any CPU = Release|Any CPU
	EndGlobalSection
	GlobalSection(ProjectConfigurationPlatforms) = postSolution
		{BFE04013-506B-4779-A2C5-AC6C9B68AEE6}.Debug|Any CPU.ActiveCfg = Debug|Any CPU
		{BFE04013-506B-4779-A2C5-AC6C9B68AEE6}.Debug|Any CPU.Build.0 = Debug|Any CPU
		{BFE04013-506B-4779-A2C5-AC6C9B68AEE6}.Release|Any CPU.ActiveCfg = Release|Any CPU
		{BFE04013-506B-4779-A2C5-AC6C9B68AEE6}.Release|Any CPU.Build.0 = Release|Any CPU
	EndGlobalSection
	GlobalSection(SolutionProperties) = preSolution
		HideSolutionNode = FALSE
	EndGlobalSection
EndGlobal
